
Microsoft Visual Studio Solution File, Format Version 12.00
# Visual Studio Version 17
VisualStudioVersion = 17.3.32825.248
MinimumVisualStudioVersion = 10.0.40219.1
Project("{9A19103F-16F7-4668-BE54-9A1E7A4F7556}") = "RabatBeregner.UI", "RabatBeregner.UI\RabatBeregner.UI.csproj", "{5DB90837-A37A-4AFC-B9A1-E8D68E320D5A}"
EndProject
Project("{FAE04EC0-301F-11D3-BF4B-00C04F79EFBC}") = "RabatBeregner.Test", "RabatBeregner.Test\RabatBeregner.Test.csproj", "{7663B3A0-BEBF-4905-81FC-9D81C45015B4}"
EndProject
Global
	GlobalSection(SolutionConfigurationPlatforms) = preSolution
		Debug|Any CPU = Debug|Any CPU
		Release|Any CPU = Release|Any CPU
	EndGlobalSection
	GlobalSection(ProjectConfigurationPlatforms) = postSolution
		{5DB90837-A37A-4AFC-B9A1-E8D68E320D5A}.Debug|Any CPU.ActiveCfg = Debug|Any CPU
		{5DB90837-A37A-4AFC-B9A1-E8D68E320D5A}.Debug|Any CPU.Build.0 = Debug|Any CPU
		{5DB90837-A37A-4AFC-B9A1-E8D68E320D5A}.Release|Any CPU.ActiveCfg = Release|Any CPU
		{5DB90837-A37A-4AFC-B9A1-E8D68E320D5A}.Release|Any CPU.Build.0 = Release|Any CPU
		{7663B3A0-BEBF-4905-81FC-9D81C45015B4}.Debug|Any CPU.ActiveCfg = Debug|Any CPU
		{7663B3A0-BEBF-4905-81FC-9D81C45015B4}.Debug|Any CPU.Build.0 = Debug|Any CPU
		{7663B3A0-BEBF-4905-81FC-9D81C45015B4}.Release|Any CPU.ActiveCfg = Release|Any CPU
		{7663B3A0-BEBF-4905-81FC-9D81C45015B4}.Release|Any CPU.Build.0 = Release|Any CPU
	EndGlobalSection
	GlobalSection(SolutionProperties) = preSolution
		HideSolutionNode = FALSE
	EndGlobalSection
	GlobalSection(ExtensibilityGlobals) = postSolution
		SolutionGuid = {C8B77721-605A-4A54-A795-A2B64553A339}
	EndGlobalSection
EndGlobal
